
Microsoft Visual Studio Solution File, Format Version 12.00
# Visual Studio Version 16
VisualStudioVersion = 16.0.31729.503
MinimumVisualStudioVersion = 10.0.40219.1
Project("{8BC9CEB8-8B4A-11D0-8D11-00A0C91BC942}") = "EX1", "EX1\EX1.vcxproj", "{8DBC8DDF-1FB3-4AF0-B8BD-544E00869235}"
EndProject
Project("{8BC9CEB8-8B4A-11D0-8D11-00A0C91BC942}") = "EX2", "EX2\EX2.vcxproj", "{E86E5D5F-0AB2-4C6A-8E90-6A83561A3E9E}"
EndProject
Project("{8BC9CEB8-8B4A-11D0-8D11-00A0C91BC942}") = "EX3", "EX3\EX3.vcxproj", "{7E6CFB84-D2E7-4DE4-BA70-A591A62E1A0A}"
EndProject
Project("{8BC9CEB8-8B4A-11D0-8D11-00A0C91BC942}") = "EX4", "EX4\EX4.vcxproj", "{58617923-C536-4EFC-BFC8-69EF5A9A77F6}"
EndProject
Project("{8BC9CEB8-8B4A-11D0-8D11-00A0C91BC942}") = "EX5", "EX5\EX5.vcxproj", "{3D920B7E-62FA-45F6-9D82-43231D0E592B}"
EndProject
Project("{8BC9CEB8-8B4A-11D0-8D11-00A0C91BC942}") = "PROSIT2", "PROSIT2\PROSIT2.vcxproj", "{89AAFE45-D6B6-41F1-8096-958B0E1DC382}"
EndProject
Global
	GlobalSection(SolutionConfigurationPlatforms) = preSolution
		Debug|x64 = Debug|x64
		Debug|x86 = Debug|x86
		Release|x64 = Release|x64
		Release|x86 = Release|x86
	EndGlobalSection
	GlobalSection(ProjectConfigurationPlatforms) = postSolution
		{8DBC8DDF-1FB3-4AF0-B8BD-544E00869235}.Debug|x64.ActiveCfg = Debug|x64
		{8DBC8DDF-1FB3-4AF0-B8BD-544E00869235}.Debug|x64.Build.0 = Debug|x64
		{8DBC8DDF-1FB3-4AF0-B8BD-544E00869235}.Debug|x86.ActiveCfg = Debug|Win32
		{8DBC8DDF-1FB3-4AF0-B8BD-544E00869235}.Debug|x86.Build.0 = Debug|Win32
		{8DBC8DDF-1FB3-4AF0-B8BD-544E00869235}.Release|x64.ActiveCfg = Release|x64
		{8DBC8DDF-1FB3-4AF0-B8BD-544E00869235}.Release|x64.Build.0 = Release|x64
		{8DBC8DDF-1FB3-4AF0-B8BD-544E00869235}.Release|x86.ActiveCfg = Release|Win32
		{8DBC8DDF-1FB3-4AF0-B8BD-544E00869235}.Release|x86.Build.0 = Release|Win32
		{E86E5D5F-0AB2-4C6A-8E90-6A83561A3E9E}.Debug|x64.ActiveCfg = Debug|x64
		{E86E5D5F-0AB2-4C6A-8E90-6A83561A3E9E}.Debug|x64.Build.0 = Debug|x64
		{E86E5D5F-0AB2-4C6A-8E90-6A83561A3E9E}.Debug|x86.ActiveCfg = Debug|Win32
		{E86E5D5F-0AB2-4C6A-8E90-6A83561A3E9E}.Debug|x86.Build.0 = Debug|Win32
		{E86E5D5F-0AB2-4C6A-8E90-6A83561A3E9E}.Release|x64.ActiveCfg = Release|x64
		{E86E5D5F-0AB2-4C6A-8E90-6A83561A3E9E}.Release|x64.Build.0 = Release|x64
		{E86E5D5F-0AB2-4C6A-8E90-6A83561A3E9E}.Release|x86.ActiveCfg = Release|Win32
		{E86E5D5F-0AB2-4C6A-8E90-6A83561A3E9E}.Release|x86.Build.0 = Release|Win32
		{7E6CFB84-D2E7-4DE4-BA70-A591A62E1A0A}.Debug|x64.ActiveCfg = Debug|x64
		{7E6CFB84-D2E7-4DE4-BA70-A591A62E1A0A}.Debug|x64.Build.0 = Debug|x64
		{7E6CFB84-D2E7-4DE4-BA70-A591A62E1A0A}.Debug|x86.ActiveCfg = Debug|Win32
		{7E6CFB84-D2E7-4DE4-BA70-A591A62E1A0A}.Debug|x86.Build.0 = Debug|Win32
		{7E6CFB84-D2E7-4DE4-BA70-A591A62E1A0A}.Release|x64.ActiveCfg = Release|x64
		{7E6CFB84-D2E7-4DE4-BA70-A591A62E1A0A}.Release|x64.Build.0 = Release|x64
		{7E6CFB84-D2E7-4DE4-BA70-A591A62E1A0A}.Release|x86.ActiveCfg = Release|Win32
		{7E6CFB84-D2E7-4DE4-BA70-A591A62E1A0A}.Release|x86.Build.0 = Release|Win32
		{58617923-C536-4EFC-BFC8-69EF5A9A77F6}.Debug|x64.ActiveCfg = Debug|x64
		{58617923-C536-4EFC-BFC8-69EF5A9A77F6}.Debug|x64.Build.0 = Debug|x64
		{58617923-C536-4EFC-BFC8-69EF5A9A77F6}.Debug|x86.ActiveCfg = Debug|Win32
		{58617923-C536-4EFC-BFC8-69EF5A9A77F6}.Debug|x86.Build.0 = Debug|Win32
		{58617923-C536-4EFC-BFC8-69EF5A9A77F6}.Release|x64.ActiveCfg = Release|x64
		{58617923-C536-4EFC-BFC8-69EF5A9A77F6}.Release|x64.Build.0 = Release|x64
		{58617923-C536-4EFC-BFC8-69EF5A9A77F6}.Release|x86.ActiveCfg = Release|Win32
		{58617923-C536-4EFC-BFC8-69EF5A9A77F6}.Release|x86.Build.0 = Release|Win32
		{3D920B7E-62FA-45F6-9D82-43231D0E592B}.Debug|x64.ActiveCfg = Debug|x64
		{3D920B7E-62FA-45F6-9D82-43231D0E592B}.Debug|x64.Build.0 = Debug|x64
		{3D920B7E-62FA-45F6-9D82-43231D0E592B}.Debug|x86.ActiveCfg = Debug|Win32
		{3D920B7E-62FA-45F6-9D82-43231D0E592B}.Debug|x86.Build.0 = Debug|Win32
		{3D920B7E-62FA-45F6-9D82-43231D0E592B}.Release|x64.ActiveCfg = Release|x64
		{3D920B7E-62FA-45F6-9D82-43231D0E592B}.Release|x64.Build.0 = Release|x64
		{3D920B7E-62FA-45F6-9D82-43231D0E592B}.Release|x86.ActiveCfg = Release|Win32
		{3D920B7E-62FA-45F6-9D82-43231D0E592B}.Release|x86.Build.0 = Release|Win32
		{89AAFE45-D6B6-41F1-8096-958B0E1DC382}.Debug|x64.ActiveCfg = Debug|x64
		{89AAFE45-D6B6-41F1-8096-958B0E1DC382}.Debug|x64.Build.0 = Debug|x64
		{89AAFE45-D6B6-41F1-8096-958B0E1DC382}.Debug|x86.ActiveCfg = Debug|Win32
		{89AAFE45-D6B6-41F1-8096-958B0E1DC382}.Debug|x86.Build.0 = Debug|Win32
		{89AAFE45-D6B6-41F1-8096-958B0E1DC382}.Release|x64.ActiveCfg = Release|x64
		{89AAFE45-D6B6-41F1-8096-958B0E1DC382}.Release|x64.Build.0 = Release|x64
		{89AAFE45-D6B6-41F1-8096-958B0E1DC382}.Release|x86.ActiveCfg = Release|Win32
		{89AAFE45-D6B6-41F1-8096-958B0E1DC382}.Release|x86.Build.0 = Release|Win32
	EndGlobalSection
	GlobalSection(SolutionProperties) = preSolution
		HideSolutionNode = FALSE
	EndGlobalSection
	GlobalSection(ExtensibilityGlobals) = postSolution
		SolutionGuid = {FF7582B2-4E59-46BE-B23A-6283A8F7A4E8}
	EndGlobalSection
EndGlobal
