
Microsoft Visual Studio Solution File, Format Version 12.00
# Visual Studio Version 17
VisualStudioVersion = 17.3.32929.385
MinimumVisualStudioVersion = 10.0.40219.1
Project("{8BC9CEB8-8B4A-11D0-8D11-00A0C91BC942}") = "EX1", "EX1\EX1.vcxproj", "{62382FFD-02E9-4E38-885C-594D3780701B}"
EndProject
Project("{8BC9CEB8-8B4A-11D0-8D11-00A0C91BC942}") = "EX2", "EX2\EX2.vcxproj", "{E1D510B2-2BAB-4F73-89F4-A5A229F71123}"
EndProject
Project("{8BC9CEB8-8B4A-11D0-8D11-00A0C91BC942}") = "EX3", "EX3\EX3.vcxproj", "{C20B6510-44D3-43B6-81A0-EF75A9D7EB88}"
EndProject
Project("{8BC9CEB8-8B4A-11D0-8D11-00A0C91BC942}") = "EX4", "EX4\EX4.vcxproj", "{7A326D86-E8A0-43D3-BB57-CE37F0283D52}"
EndProject
Project("{8BC9CEB8-8B4A-11D0-8D11-00A0C91BC942}") = "EX5", "EX5\EX5.vcxproj", "{8EB77067-8E7F-42B7-8134-0DD07F1343A0}"
EndProject
Project("{8BC9CEB8-8B4A-11D0-8D11-00A0C91BC942}") = "EX6", "EX6\EX6.vcxproj", "{9164C6FC-08A0-4C97-B76B-D16DC8449AAD}"
EndProject
Project("{8BC9CEB8-8B4A-11D0-8D11-00A0C91BC942}") = "EX7", "EX7\EX7.vcxproj", "{960AD35A-1C2A-41AA-88E4-D1410149C469}"
EndProject
Project("{8BC9CEB8-8B4A-11D0-8D11-00A0C91BC942}") = "EX8", "EX8\EX8.vcxproj", "{DE3E3B77-8C69-4672-B301-53714E246698}"
EndProject
Project("{8BC9CEB8-8B4A-11D0-8D11-00A0C91BC942}") = "PROSIT4", "PROSIT4\PROSIT4.vcxproj", "{15CDB3DC-14B2-4CE9-A5A8-5C109D7C5439}"
EndProject
Global
	GlobalSection(SolutionConfigurationPlatforms) = preSolution
		Debug|x64 = Debug|x64
		Debug|x86 = Debug|x86
		Release|x64 = Release|x64
		Release|x86 = Release|x86
	EndGlobalSection
	GlobalSection(ProjectConfigurationPlatforms) = postSolution
		{62382FFD-02E9-4E38-885C-594D3780701B}.Debug|x64.ActiveCfg = Debug|x64
		{62382FFD-02E9-4E38-885C-594D3780701B}.Debug|x64.Build.0 = Debug|x64
		{62382FFD-02E9-4E38-885C-594D3780701B}.Debug|x86.ActiveCfg = Debug|Win32
		{62382FFD-02E9-4E38-885C-594D3780701B}.Debug|x86.Build.0 = Debug|Win32
		{62382FFD-02E9-4E38-885C-594D3780701B}.Release|x64.ActiveCfg = Release|x64
		{62382FFD-02E9-4E38-885C-594D3780701B}.Release|x64.Build.0 = Release|x64
		{62382FFD-02E9-4E38-885C-594D3780701B}.Release|x86.ActiveCfg = Release|Win32
		{62382FFD-02E9-4E38-885C-594D3780701B}.Release|x86.Build.0 = Release|Win32
		{E1D510B2-2BAB-4F73-89F4-A5A229F71123}.Debug|x64.ActiveCfg = Debug|x64
		{E1D510B2-2BAB-4F73-89F4-A5A229F71123}.Debug|x64.Build.0 = Debug|x64
		{E1D510B2-2BAB-4F73-89F4-A5A229F71123}.Debug|x86.ActiveCfg = Debug|Win32
		{E1D510B2-2BAB-4F73-89F4-A5A229F71123}.Debug|x86.Build.0 = Debug|Win32
		{E1D510B2-2BAB-4F73-89F4-A5A229F71123}.Release|x64.ActiveCfg = Release|x64
		{E1D510B2-2BAB-4F73-89F4-A5A229F71123}.Release|x64.Build.0 = Release|x64
		{E1D510B2-2BAB-4F73-89F4-A5A229F71123}.Release|x86.ActiveCfg = Release|Win32
		{E1D510B2-2BAB-4F73-89F4-A5A229F71123}.Release|x86.Build.0 = Release|Win32
		{C20B6510-44D3-43B6-81A0-EF75A9D7EB88}.Debug|x64.ActiveCfg = Debug|x64
		{C20B6510-44D3-43B6-81A0-EF75A9D7EB88}.Debug|x64.Build.0 = Debug|x64
		{C20B6510-44D3-43B6-81A0-EF75A9D7EB88}.Debug|x86.ActiveCfg = Debug|Win32
		{C20B6510-44D3-43B6-81A0-EF75A9D7EB88}.Debug|x86.Build.0 = Debug|Win32
		{C20B6510-44D3-43B6-81A0-EF75A9D7EB88}.Release|x64.ActiveCfg = Release|x64
		{C20B6510-44D3-43B6-81A0-EF75A9D7EB88}.Release|x64.Build.0 = Release|x64
		{C20B6510-44D3-43B6-81A0-EF75A9D7EB88}.Release|x86.ActiveCfg = Release|Win32
		{C20B6510-44D3-43B6-81A0-EF75A9D7EB88}.Release|x86.Build.0 = Release|Win32
		{7A326D86-E8A0-43D3-BB57-CE37F0283D52}.Debug|x64.ActiveCfg = Debug|x64
		{7A326D86-E8A0-43D3-BB57-CE37F0283D52}.Debug|x64.Build.0 = Debug|x64
		{7A326D86-E8A0-43D3-BB57-CE37F0283D52}.Debug|x86.ActiveCfg = Debug|Win32
		{7A326D86-E8A0-43D3-BB57-CE37F0283D52}.Debug|x86.Build.0 = Debug|Win32
		{7A326D86-E8A0-43D3-BB57-CE37F0283D52}.Release|x64.ActiveCfg = Release|x64
		{7A326D86-E8A0-43D3-BB57-CE37F0283D52}.Release|x64.Build.0 = Release|x64
		{7A326D86-E8A0-43D3-BB57-CE37F0283D52}.Release|x86.ActiveCfg = Release|Win32
		{7A326D86-E8A0-43D3-BB57-CE37F0283D52}.Release|x86.Build.0 = Release|Win32
		{8EB77067-8E7F-42B7-8134-0DD07F1343A0}.Debug|x64.ActiveCfg = Debug|x64
		{8EB77067-8E7F-42B7-8134-0DD07F1343A0}.Debug|x64.Build.0 = Debug|x64
		{8EB77067-8E7F-42B7-8134-0DD07F1343A0}.Debug|x86.ActiveCfg = Debug|Win32
		{8EB77067-8E7F-42B7-8134-0DD07F1343A0}.Debug|x86.Build.0 = Debug|Win32
		{8EB77067-8E7F-42B7-8134-0DD07F1343A0}.Release|x64.ActiveCfg = Release|x64
		{8EB77067-8E7F-42B7-8134-0DD07F1343A0}.Release|x64.Build.0 = Release|x64
		{8EB77067-8E7F-42B7-8134-0DD07F1343A0}.Release|x86.ActiveCfg = Release|Win32
		{8EB77067-8E7F-42B7-8134-0DD07F1343A0}.Release|x86.Build.0 = Release|Win32
		{9164C6FC-08A0-4C97-B76B-D16DC8449AAD}.Debug|x64.ActiveCfg = Debug|x64
		{9164C6FC-08A0-4C97-B76B-D16DC8449AAD}.Debug|x64.Build.0 = Debug|x64
		{9164C6FC-08A0-4C97-B76B-D16DC8449AAD}.Debug|x86.ActiveCfg = Debug|Win32
		{9164C6FC-08A0-4C97-B76B-D16DC8449AAD}.Debug|x86.Build.0 = Debug|Win32
		{9164C6FC-08A0-4C97-B76B-D16DC8449AAD}.Release|x64.ActiveCfg = Release|x64
		{9164C6FC-08A0-4C97-B76B-D16DC8449AAD}.Release|x64.Build.0 = Release|x64
		{9164C6FC-08A0-4C97-B76B-D16DC8449AAD}.Release|x86.ActiveCfg = Release|Win32
		{9164C6FC-08A0-4C97-B76B-D16DC8449AAD}.Release|x86.Build.0 = Release|Win32
		{960AD35A-1C2A-41AA-88E4-D1410149C469}.Debug|x64.ActiveCfg = Debug|x64
		{960AD35A-1C2A-41AA-88E4-D1410149C469}.Debug|x64.Build.0 = Debug|x64
		{960AD35A-1C2A-41AA-88E4-D1410149C469}.Debug|x86.ActiveCfg = Debug|Win32
		{960AD35A-1C2A-41AA-88E4-D1410149C469}.Debug|x86.Build.0 = Debug|Win32
		{960AD35A-1C2A-41AA-88E4-D1410149C469}.Release|x64.ActiveCfg = Release|x64
		{960AD35A-1C2A-41AA-88E4-D1410149C469}.Release|x64.Build.0 = Release|x64
		{960AD35A-1C2A-41AA-88E4-D1410149C469}.Release|x86.ActiveCfg = Release|Win32
		{960AD35A-1C2A-41AA-88E4-D1410149C469}.Release|x86.Build.0 = Release|Win32
		{DE3E3B77-8C69-4672-B301-53714E246698}.Debug|x64.ActiveCfg = Debug|x64
		{DE3E3B77-8C69-4672-B301-53714E246698}.Debug|x64.Build.0 = Debug|x64
		{DE3E3B77-8C69-4672-B301-53714E246698}.Debug|x86.ActiveCfg = Debug|Win32
		{DE3E3B77-8C69-4672-B301-53714E246698}.Debug|x86.Build.0 = Debug|Win32
		{DE3E3B77-8C69-4672-B301-53714E246698}.Release|x64.ActiveCfg = Release|x64
		{DE3E3B77-8C69-4672-B301-53714E246698}.Release|x64.Build.0 = Release|x64
		{DE3E3B77-8C69-4672-B301-53714E246698}.Release|x86.ActiveCfg = Release|Win32
		{DE3E3B77-8C69-4672-B301-53714E246698}.Release|x86.Build.0 = Release|Win32
		{15CDB3DC-14B2-4CE9-A5A8-5C109D7C5439}.Debug|x64.ActiveCfg = Debug|x64
		{15CDB3DC-14B2-4CE9-A5A8-5C109D7C5439}.Debug|x64.Build.0 = Debug|x64
		{15CDB3DC-14B2-4CE9-A5A8-5C109D7C5439}.Debug|x86.ActiveCfg = Debug|Win32
		{15CDB3DC-14B2-4CE9-A5A8-5C109D7C5439}.Debug|x86.Build.0 = Debug|Win32
		{15CDB3DC-14B2-4CE9-A5A8-5C109D7C5439}.Release|x64.ActiveCfg = Release|x64
		{15CDB3DC-14B2-4CE9-A5A8-5C109D7C5439}.Release|x64.Build.0 = Release|x64
		{15CDB3DC-14B2-4CE9-A5A8-5C109D7C5439}.Release|x86.ActiveCfg = Release|Win32
		{15CDB3DC-14B2-4CE9-A5A8-5C109D7C5439}.Release|x86.Build.0 = Release|Win32
	EndGlobalSection
	GlobalSection(SolutionProperties) = preSolution
		HideSolutionNode = FALSE
	EndGlobalSection
	GlobalSection(ExtensibilityGlobals) = postSolution
		SolutionGuid = {1C2D30EF-279F-4499-80A4-5A4A4E2FB676}
	EndGlobalSection
EndGlobal
