
Microsoft Visual Studio Solution File, Format Version 12.00
# Visual Studio Version 16
VisualStudioVersion = 16.0.31729.503
MinimumVisualStudioVersion = 10.0.40219.1
Project("{8BC9CEB8-8B4A-11D0-8D11-00A0C91BC942}") = "EX1", "EX1\EX1.vcxproj", "{9327204A-ADD9-4347-A62B-E7875CBE4EB5}"
EndProject
Project("{8BC9CEB8-8B4A-11D0-8D11-00A0C91BC942}") = "EX2", "EX2\EX2.vcxproj", "{32D1802F-C7A3-4AD0-BC3E-01C5664F7693}"
EndProject
Project("{8BC9CEB8-8B4A-11D0-8D11-00A0C91BC942}") = "EX4", "EX4\EX4.vcxproj", "{35421323-2419-41A5-B06B-32BF35642AF5}"
EndProject
Project("{8BC9CEB8-8B4A-11D0-8D11-00A0C91BC942}") = "EX3", "EX3\EX3.vcxproj", "{69456A95-163F-476C-9049-A15A06B990DE}"
EndProject
Global
	GlobalSection(SolutionConfigurationPlatforms) = preSolution
		Debug|x64 = Debug|x64
		Debug|x86 = Debug|x86
		Release|x64 = Release|x64
		Release|x86 = Release|x86
	EndGlobalSection
	GlobalSection(ProjectConfigurationPlatforms) = postSolution
		{9327204A-ADD9-4347-A62B-E7875CBE4EB5}.Debug|x64.ActiveCfg = Debug|x64
		{9327204A-ADD9-4347-A62B-E7875CBE4EB5}.Debug|x64.Build.0 = Debug|x64
		{9327204A-ADD9-4347-A62B-E7875CBE4EB5}.Debug|x86.ActiveCfg = Debug|Win32
		{9327204A-ADD9-4347-A62B-E7875CBE4EB5}.Debug|x86.Build.0 = Debug|Win32
		{9327204A-ADD9-4347-A62B-E7875CBE4EB5}.Release|x64.ActiveCfg = Release|x64
		{9327204A-ADD9-4347-A62B-E7875CBE4EB5}.Release|x64.Build.0 = Release|x64
		{9327204A-ADD9-4347-A62B-E7875CBE4EB5}.Release|x86.ActiveCfg = Release|Win32
		{9327204A-ADD9-4347-A62B-E7875CBE4EB5}.Release|x86.Build.0 = Release|Win32
		{32D1802F-C7A3-4AD0-BC3E-01C5664F7693}.Debug|x64.ActiveCfg = Debug|x64
		{32D1802F-C7A3-4AD0-BC3E-01C5664F7693}.Debug|x64.Build.0 = Debug|x64
		{32D1802F-C7A3-4AD0-BC3E-01C5664F7693}.Debug|x86.ActiveCfg = Debug|Win32
		{32D1802F-C7A3-4AD0-BC3E-01C5664F7693}.Debug|x86.Build.0 = Debug|Win32
		{32D1802F-C7A3-4AD0-BC3E-01C5664F7693}.Release|x64.ActiveCfg = Release|x64
		{32D1802F-C7A3-4AD0-BC3E-01C5664F7693}.Release|x64.Build.0 = Release|x64
		{32D1802F-C7A3-4AD0-BC3E-01C5664F7693}.Release|x86.ActiveCfg = Release|Win32
		{32D1802F-C7A3-4AD0-BC3E-01C5664F7693}.Release|x86.Build.0 = Release|Win32
		{35421323-2419-41A5-B06B-32BF35642AF5}.Debug|x64.ActiveCfg = Debug|x64
		{35421323-2419-41A5-B06B-32BF35642AF5}.Debug|x64.Build.0 = Debug|x64
		{35421323-2419-41A5-B06B-32BF35642AF5}.Debug|x86.ActiveCfg = Debug|Win32
		{35421323-2419-41A5-B06B-32BF35642AF5}.Debug|x86.Build.0 = Debug|Win32
		{35421323-2419-41A5-B06B-32BF35642AF5}.Release|x64.ActiveCfg = Release|x64
		{35421323-2419-41A5-B06B-32BF35642AF5}.Release|x64.Build.0 = Release|x64
		{35421323-2419-41A5-B06B-32BF35642AF5}.Release|x86.ActiveCfg = Release|Win32
		{35421323-2419-41A5-B06B-32BF35642AF5}.Release|x86.Build.0 = Release|Win32
		{69456A95-163F-476C-9049-A15A06B990DE}.Debug|x64.ActiveCfg = Debug|x64
		{69456A95-163F-476C-9049-A15A06B990DE}.Debug|x64.Build.0 = Debug|x64
		{69456A95-163F-476C-9049-A15A06B990DE}.Debug|x86.ActiveCfg = Debug|Win32
		{69456A95-163F-476C-9049-A15A06B990DE}.Debug|x86.Build.0 = Debug|Win32
		{69456A95-163F-476C-9049-A15A06B990DE}.Release|x64.ActiveCfg = Release|x64
		{69456A95-163F-476C-9049-A15A06B990DE}.Release|x64.Build.0 = Release|x64
		{69456A95-163F-476C-9049-A15A06B990DE}.Release|x86.ActiveCfg = Release|Win32
		{69456A95-163F-476C-9049-A15A06B990DE}.Release|x86.Build.0 = Release|Win32
	EndGlobalSection
	GlobalSection(SolutionProperties) = preSolution
		HideSolutionNode = FALSE
	EndGlobalSection
	GlobalSection(ExtensibilityGlobals) = postSolution
		SolutionGuid = {18E69B08-114E-4781-A189-D05A51020077}
	EndGlobalSection
EndGlobal
