
Microsoft Visual Studio Solution File, Format Version 12.00
# Visual Studio Version 16
VisualStudioVersion = 16.0.31729.503
MinimumVisualStudioVersion = 10.0.40219.1
Project("{8BC9CEB8-8B4A-11D0-8D11-00A0C91BC942}") = "EX1", "EX1\EX1.vcxproj", "{7C12A140-D7AC-45A0-B039-2DE1086C14D9}"
EndProject
Project("{8BC9CEB8-8B4A-11D0-8D11-00A0C91BC942}") = "EX2", "EX2\EX2.vcxproj", "{9ECE08EC-AC82-46D1-87DF-F5370932753F}"
EndProject
Project("{8BC9CEB8-8B4A-11D0-8D11-00A0C91BC942}") = "EX3", "EX3\EX3.vcxproj", "{407DBFE7-843D-4ADB-9C07-1230CE0DA218}"
EndProject
Project("{8BC9CEB8-8B4A-11D0-8D11-00A0C91BC942}") = "EX4", "EX4\EX4.vcxproj", "{7DF380C4-142E-46EB-AC58-7A5B3A24E005}"
EndProject
Project("{8BC9CEB8-8B4A-11D0-8D11-00A0C91BC942}") = "PROSIT1", "PROSIT1\PROSIT1.vcxproj", "{14D1FC35-A2C6-404D-B2A9-A39E344DBA3F}"
EndProject
Project("{8BC9CEB8-8B4A-11D0-8D11-00A0C91BC942}") = "CORBEILLE", "CORBEILLE\CORBEILLE.vcxproj", "{177196C5-D30E-4D41-B037-8A7DB0C1C5E9}"
EndProject
Global
	GlobalSection(SolutionConfigurationPlatforms) = preSolution
		Debug|x64 = Debug|x64
		Debug|x86 = Debug|x86
		Release|x64 = Release|x64
		Release|x86 = Release|x86
	EndGlobalSection
	GlobalSection(ProjectConfigurationPlatforms) = postSolution
		{7C12A140-D7AC-45A0-B039-2DE1086C14D9}.Debug|x64.ActiveCfg = Debug|x64
		{7C12A140-D7AC-45A0-B039-2DE1086C14D9}.Debug|x64.Build.0 = Debug|x64
		{7C12A140-D7AC-45A0-B039-2DE1086C14D9}.Debug|x86.ActiveCfg = Debug|Win32
		{7C12A140-D7AC-45A0-B039-2DE1086C14D9}.Debug|x86.Build.0 = Debug|Win32
		{7C12A140-D7AC-45A0-B039-2DE1086C14D9}.Release|x64.ActiveCfg = Release|x64
		{7C12A140-D7AC-45A0-B039-2DE1086C14D9}.Release|x64.Build.0 = Release|x64
		{7C12A140-D7AC-45A0-B039-2DE1086C14D9}.Release|x86.ActiveCfg = Release|Win32
		{7C12A140-D7AC-45A0-B039-2DE1086C14D9}.Release|x86.Build.0 = Release|Win32
		{9ECE08EC-AC82-46D1-87DF-F5370932753F}.Debug|x64.ActiveCfg = Debug|x64
		{9ECE08EC-AC82-46D1-87DF-F5370932753F}.Debug|x64.Build.0 = Debug|x64
		{9ECE08EC-AC82-46D1-87DF-F5370932753F}.Debug|x86.ActiveCfg = Debug|Win32
		{9ECE08EC-AC82-46D1-87DF-F5370932753F}.Debug|x86.Build.0 = Debug|Win32
		{9ECE08EC-AC82-46D1-87DF-F5370932753F}.Release|x64.ActiveCfg = Release|x64
		{9ECE08EC-AC82-46D1-87DF-F5370932753F}.Release|x64.Build.0 = Release|x64
		{9ECE08EC-AC82-46D1-87DF-F5370932753F}.Release|x86.ActiveCfg = Release|Win32
		{9ECE08EC-AC82-46D1-87DF-F5370932753F}.Release|x86.Build.0 = Release|Win32
		{407DBFE7-843D-4ADB-9C07-1230CE0DA218}.Debug|x64.ActiveCfg = Debug|x64
		{407DBFE7-843D-4ADB-9C07-1230CE0DA218}.Debug|x64.Build.0 = Debug|x64
		{407DBFE7-843D-4ADB-9C07-1230CE0DA218}.Debug|x86.ActiveCfg = Debug|Win32
		{407DBFE7-843D-4ADB-9C07-1230CE0DA218}.Debug|x86.Build.0 = Debug|Win32
		{407DBFE7-843D-4ADB-9C07-1230CE0DA218}.Release|x64.ActiveCfg = Release|x64
		{407DBFE7-843D-4ADB-9C07-1230CE0DA218}.Release|x64.Build.0 = Release|x64
		{407DBFE7-843D-4ADB-9C07-1230CE0DA218}.Release|x86.ActiveCfg = Release|Win32
		{407DBFE7-843D-4ADB-9C07-1230CE0DA218}.Release|x86.Build.0 = Release|Win32
		{7DF380C4-142E-46EB-AC58-7A5B3A24E005}.Debug|x64.ActiveCfg = Debug|x64
		{7DF380C4-142E-46EB-AC58-7A5B3A24E005}.Debug|x64.Build.0 = Debug|x64
		{7DF380C4-142E-46EB-AC58-7A5B3A24E005}.Debug|x86.ActiveCfg = Debug|Win32
		{7DF380C4-142E-46EB-AC58-7A5B3A24E005}.Debug|x86.Build.0 = Debug|Win32
		{7DF380C4-142E-46EB-AC58-7A5B3A24E005}.Release|x64.ActiveCfg = Release|x64
		{7DF380C4-142E-46EB-AC58-7A5B3A24E005}.Release|x64.Build.0 = Release|x64
		{7DF380C4-142E-46EB-AC58-7A5B3A24E005}.Release|x86.ActiveCfg = Release|Win32
		{7DF380C4-142E-46EB-AC58-7A5B3A24E005}.Release|x86.Build.0 = Release|Win32
		{14D1FC35-A2C6-404D-B2A9-A39E344DBA3F}.Debug|x64.ActiveCfg = Debug|x64
		{14D1FC35-A2C6-404D-B2A9-A39E344DBA3F}.Debug|x64.Build.0 = Debug|x64
		{14D1FC35-A2C6-404D-B2A9-A39E344DBA3F}.Debug|x86.ActiveCfg = Debug|Win32
		{14D1FC35-A2C6-404D-B2A9-A39E344DBA3F}.Debug|x86.Build.0 = Debug|Win32
		{14D1FC35-A2C6-404D-B2A9-A39E344DBA3F}.Release|x64.ActiveCfg = Release|x64
		{14D1FC35-A2C6-404D-B2A9-A39E344DBA3F}.Release|x64.Build.0 = Release|x64
		{14D1FC35-A2C6-404D-B2A9-A39E344DBA3F}.Release|x86.ActiveCfg = Release|Win32
		{14D1FC35-A2C6-404D-B2A9-A39E344DBA3F}.Release|x86.Build.0 = Release|Win32
		{177196C5-D30E-4D41-B037-8A7DB0C1C5E9}.Debug|x64.ActiveCfg = Debug|x64
		{177196C5-D30E-4D41-B037-8A7DB0C1C5E9}.Debug|x64.Build.0 = Debug|x64
		{177196C5-D30E-4D41-B037-8A7DB0C1C5E9}.Debug|x86.ActiveCfg = Debug|Win32
		{177196C5-D30E-4D41-B037-8A7DB0C1C5E9}.Debug|x86.Build.0 = Debug|Win32
		{177196C5-D30E-4D41-B037-8A7DB0C1C5E9}.Release|x64.ActiveCfg = Release|x64
		{177196C5-D30E-4D41-B037-8A7DB0C1C5E9}.Release|x64.Build.0 = Release|x64
		{177196C5-D30E-4D41-B037-8A7DB0C1C5E9}.Release|x86.ActiveCfg = Release|Win32
		{177196C5-D30E-4D41-B037-8A7DB0C1C5E9}.Release|x86.Build.0 = Release|Win32
	EndGlobalSection
	GlobalSection(SolutionProperties) = preSolution
		HideSolutionNode = FALSE
	EndGlobalSection
	GlobalSection(ExtensibilityGlobals) = postSolution
		SolutionGuid = {741C3BEE-AA2D-41E8-A421-93C153137397}
	EndGlobalSection
EndGlobal
